
Microsoft Visual Studio Solution File, Format Version 12.00
# Visual Studio Version 16
VisualStudioVersion = 16.0.29123.88
MinimumVisualStudioVersion = 10.0.40219.1
Project("{F184B08F-C81C-45F6-A57F-5ABD9991F28F}") = "MizDict", "MizDict\MizDict.vbproj", "{D9CC518A-1431-4A7E-8C11-8EAF345356B4}"
EndProject
Global
	GlobalSection(SolutionConfigurationPlatforms) = preSolution
		Debug|Any CPU = Debug|Any CPU
		Release|Any CPU = Release|Any CPU
	EndGlobalSection
	GlobalSection(ProjectConfigurationPlatforms) = postSolution
		{D9CC518A-1431-4A7E-8C11-8EAF345356B4}.Debug|Any CPU.ActiveCfg = Debug|Any CPU
		{D9CC518A-1431-4A7E-8C11-8EAF345356B4}.Debug|Any CPU.Build.0 = Debug|Any CPU
		{D9CC518A-1431-4A7E-8C11-8EAF345356B4}.Release|Any CPU.ActiveCfg = Release|Any CPU
		{D9CC518A-1431-4A7E-8C11-8EAF345356B4}.Release|Any CPU.Build.0 = Release|Any CPU
	EndGlobalSection
	GlobalSection(SolutionProperties) = preSolution
		HideSolutionNode = FALSE
	EndGlobalSection
	GlobalSection(ExtensibilityGlobals) = postSolution
		SolutionGuid = {90177C8A-B690-4435-9E88-1D2103A842B9}
	EndGlobalSection
EndGlobal
